
Microsoft Visual Studio Solution File, Format Version 12.00
# Visual Studio 15
VisualStudioVersion = 15.0.28307.136
MinimumVisualStudioVersion = 10.0.40219.1
Project("{FAE04EC0-301F-11D3-BF4B-00C04F79EFBC}") = "Id Generator", "Id Generator\Id Generator.csproj", "{1A4FDC0F-A0BA-4756-BD32-6C91B2C70332}"
EndProject
Global
	GlobalSection(SolutionConfigurationPlatforms) = preSolution
		Debug|Any CPU = Debug|Any CPU
		Release|Any CPU = Release|Any CPU
	EndGlobalSection
	GlobalSection(ProjectConfigurationPlatforms) = postSolution
		{1A4FDC0F-A0BA-4756-BD32-6C91B2C70332}.Debug|Any CPU.ActiveCfg = Debug|Any CPU
		{1A4FDC0F-A0BA-4756-BD32-6C91B2C70332}.Debug|Any CPU.Build.0 = Debug|Any CPU
		{1A4FDC0F-A0BA-4756-BD32-6C91B2C70332}.Release|Any CPU.ActiveCfg = Release|Any CPU
		{1A4FDC0F-A0BA-4756-BD32-6C91B2C70332}.Release|Any CPU.Build.0 = Release|Any CPU
	EndGlobalSection
	GlobalSection(SolutionProperties) = preSolution
		HideSolutionNode = FALSE
	EndGlobalSection
	GlobalSection(ExtensibilityGlobals) = postSolution
		SolutionGuid = {5E883022-F62E-4BF9-8E86-6DFEF0981CBB}
	EndGlobalSection
EndGlobal
